Microsoft Visual Studio Solution File, Format Version 12.00
# Visual Studio Version 17
VisualStudioVersion = 17.5.2.0
MinimumVisualStudioVersion = 10.0.40219.1
Project("{2150E333-8FDC-42A3-9474-1A3956D46DE8}") = "src", "src", "{827E0CD3-B72D-47B6-A68D-7590B98EB39B}"
EndProject
Project("{2150E333-8FDC-42A3-9474-1A3956D46DE8}") = "extractor", "extractor", "{1E06AF33-5255-E3BF-ECA4-8A5705CF41E8}"
EndProject
Project("{FAE04EC0-301F-11D3-BF4B-00C04F79EFBC}") = "ClrHook.Terraria", "src\ClrHook.Terraria.csproj", "{20713D35-1EC5-FE3E-84AC-E848AE13CB6F}"
EndProject
Project("{FAE04EC0-301F-11D3-BF4B-00C04F79EFBC}") = "EmbeddedReferences", "extractor\EmbeddedReferences.csproj", "{99DB4362-5997-A2C1-B498-1AD2257A6A73}"
EndProject
Global
	GlobalSection(SolutionConfigurationPlatforms) = preSolution
		Debug|Any CPU = Debug|Any CPU
		Release|Any CPU = Release|Any CPU
	EndGlobalSection
	GlobalSection(ProjectConfigurationPlatforms) = postSolution
		{20713D35-1EC5-FE3E-84AC-E848AE13CB6F}.Debug|Any CPU.ActiveCfg = Debug|Any CPU
		{20713D35-1EC5-FE3E-84AC-E848AE13CB6F}.Debug|Any CPU.Build.0 = Debug|Any CPU
		{20713D35-1EC5-FE3E-84AC-E848AE13CB6F}.Release|Any CPU.ActiveCfg = Release|Any CPU
		{20713D35-1EC5-FE3E-84AC-E848AE13CB6F}.Release|Any CPU.Build.0 = Release|Any CPU
		{99DB4362-5997-A2C1-B498-1AD2257A6A73}.Debug|Any CPU.ActiveCfg = Debug|Any CPU
		{99DB4362-5997-A2C1-B498-1AD2257A6A73}.Debug|Any CPU.Build.0 = Debug|Any CPU
		{99DB4362-5997-A2C1-B498-1AD2257A6A73}.Release|Any CPU.ActiveCfg = Release|Any CPU
		{99DB4362-5997-A2C1-B498-1AD2257A6A73}.Release|Any CPU.Build.0 = Release|Any CPU
	EndGlobalSection
	GlobalSection(SolutionProperties) = preSolution
		HideSolutionNode = FALSE
	EndGlobalSection
	GlobalSection(NestedProjects) = preSolution
		{20713D35-1EC5-FE3E-84AC-E848AE13CB6F} = {827E0CD3-B72D-47B6-A68D-7590B98EB39B}
		{99DB4362-5997-A2C1-B498-1AD2257A6A73} = {1E06AF33-5255-E3BF-ECA4-8A5705CF41E8}
	EndGlobalSection
	GlobalSection(ExtensibilityGlobals) = postSolution
		SolutionGuid = {10DA8F58-3577-4D6F-937A-4FCA03384C6A}
	EndGlobalSection
EndGlobal
